github.com/pablods90/hugo-theme-hello-friend-xt v0.0.0-20240507210223-8a89f92b6f10 h1:yF6oj5+dgWGif2AMmOtD1nKMM3QHi9jxSXBExtJEJPY=
github.com/pablods90/hugo-theme-hello-friend-xt v0.0.0-20240507210223-8a89f92b6f10/go.mod h1:zyTbNJ2D72k13htIElCUR7ySApbeLxTlczZfbWM1yB0=
github.com/pablods90/hugo-theme-hello-friend-xt v0.0.0-20240507225034-897e18f40f04 h1:NfIw2L0JY3FgFrRo+WClQrZp7tQC8vYw0n6REMnLk2E=
github.com/pablods90/hugo-theme-hello-friend-xt v0.0.0-20240507225034-897e18f40f04/go.mod h1:zyTbNJ2D72k13htIElCUR7ySApbeLxTlczZfbWM1yB0=
github.com/pablods90/hugo-theme-hello-friend-xt v0.0.0-20240507225710-8563e5f85d80 h1:6N9Ui1n68P2NOMuad44QzUkErEqILkZyZN2yR+xs8XI=
github.com/pablods90/hugo-theme-hello-friend-xt v0.0.0-20240507225710-8563e5f85d80/go.mod h1:zyTbNJ2D72k13htIElCUR7ySApbeLxTlczZfbWM1yB0=
github.com/pablods90/hugo-theme-hello-friend-xt v0.0.0-20240507230532-12e1bd592ab7 h1:lHMP0Xjr+/VrRAoHZ7NZTuu3SSTqCw4KlrzhEsqLzlM=
github.com/pablods90/hugo-theme-hello-friend-xt v0.0.0-20240507230532-12e1bd592ab7/go.mod h1:zyTbNJ2D72k13htIElCUR7ySApbeLxTlczZfbWM1yB0=
github.com/pablods90/hugo-theme-hello-friend-xt v0.0.0-20240509021349-3a0434c14ed0 h1:YHOsJARw+f4PVwxo23mMxXCJm8MLOF81bGbeu9cmfcw=
github.com/pablods90/hugo-theme-hello-friend-xt v0.0.0-20240509021349-3a0434c14ed0/go.mod h1:zyTbNJ2D72k13htIElCUR7ySApbeLxTlczZfbWM1yB0=
