github.com/pablods90/hugo-theme-hello-friend-xt v0.0.0-20240511213304-9bb5af54ee1c h1:1Orl+vpEiv8mp9LIMKsvibzzMajhAiJZJlQzmTrezOo=
github.com/pablods90/hugo-theme-hello-friend-xt v0.0.0-20240511213304-9bb5af54ee1c/go.mod h1:zyTbNJ2D72k13htIElCUR7ySApbeLxTlczZfbWM1yB0=
github.com/pablods90/hugo-theme-hello-friend-xt v0.0.0-20240512011835-20ceeff1833e h1:1z9K2yhMFtb5NrtO6zd/PHMGALt0O/HOBTW8mOlS34Q=
github.com/pablods90/hugo-theme-hello-friend-xt v0.0.0-20240512011835-20ceeff1833e/go.mod h1:zyTbNJ2D72k13htIElCUR7ySApbeLxTlczZfbWM1yB0=
github.com/pablods90/hugo-theme-hello-friend-xt v0.0.0-20240512014442-97c3b661e646 h1:7LvbGNP3q951m8rUFaueGf5LpKflmCxD2WTVdTsut6M=
github.com/pablods90/hugo-theme-hello-friend-xt v0.0.0-20240512014442-97c3b661e646/go.mod h1:zyTbNJ2D72k13htIElCUR7ySApbeLxTlczZfbWM1yB0=
github.com/pablods90/hugo-theme-hello-friend-xt v0.0.0-20240515175417-c2987b11557e h1:mziyZsBA/vBHlmL2W2FaVjwjneVMDbWD3QVANuLglkk=
github.com/pablods90/hugo-theme-hello-friend-xt v0.0.0-20240515175417-c2987b11557e/go.mod h1:zyTbNJ2D72k13htIElCUR7ySApbeLxTlczZfbWM1yB0=
